// !$*UTF8*$!
{
	archiveVersion = 1;
	classes = {
	};
	objectVersion = 50;
	objects = {

/* Begin PBXBuildFile section */
		E86D017023CFF10F00362ABC /* AppDelegate.swift in Sources */ = {isa = PBXBuildFile; fileRef = E86D016F23CFF10F00362ABC /* AppDelegate.swift */; };
		E86D017223CFF10F00362ABC /* SceneDelegate.swift in Sources */ = {isa = PBXBuildFile; fileRef = E86D017123CFF10F00362ABC /* SceneDelegate.swift */; };
		E86D017423CFF10F00362ABC /* ViewController.swift in Sources */ = {isa = PBXBuildFile; fileRef = E86D017323CFF10F00362ABC /* ViewController.swift */; };
		E86D017723CFF10F00362ABC /* Main.storyboard in Resources */ = {isa = PBXBuildFile; fileRef = E86D017523CFF10F00362ABC /* Main.storyboard */; };
		E86D017923CFF11A00362ABC /* Assets.xcassets in Resources */ = {isa = PBXBuildFile; fileRef = E86D017823CFF11A00362ABC /* Assets.xcassets */; };
		E86D017C23CFF11A00362ABC /* LaunchScreen.storyboard in Resources */ = {isa = PBXBuildFile; fileRef = E86D017A23CFF11A00362ABC /* LaunchScreen.storyboard */; };
		E86D018423CFF20600362ABC /* kamelot.jpg in Resources */ = {isa = PBXBuildFile; fileRef = E86D018323CFF20600362ABC /* kamelot.jpg */; };
/* End PBXBuildFile section */

/* Begin PBXFileReference section */
		E86D016C23CFF10F00362ABC /* Swift-Layout.app */ = {isa = PBXFileReference; explicitFileType = wrapper.application; includeInIndex = 0; path = "Swift-Layout.app"; sourceTree = BUILT_PRODUCTS_DIR; };
		E86D016F23CFF10F00362ABC /* AppDelegate.swift */ = {isa = PBXFileReference; lastKnownFileType = sourcecode.swift; path = AppDelegate.swift; sourceTree = "<group>"; };
		E86D017123CFF10F00362ABC /* SceneDelegate.swift */ = {isa = PBXFileReference; lastKnownFileType = sourcecode.swift; path = SceneDelegate.swift; sourceTree = "<group>"; };
		E86D017323CFF10F00362ABC /* ViewController.swift */ = {isa = PBXFileReference; lastKnownFileType = sourcecode.swift; path = ViewController.swift; sourceTree = "<group>"; };
		E86D017623CFF10F00362ABC /* Base */ = {isa = PBXFileReference; lastKnownFileType = file.storyboard; name = Base; path = Base.lproj/Main.storyboard; sourceTree = "<group>"; };
		E86D017823CFF11A00362ABC /* Assets.xcassets */ = {isa = PBXFileReference; lastKnownFileType = folder.assetcatalog; path = Assets.xcassets; sourceTree = "<group>"; };
		E86D017B23CFF11A00362ABC /* Base */ = {isa = PBXFileReference; lastKnownFileType = file.storyboard; name = Base; path = Base.lproj/LaunchScreen.storyboard; sourceTree = "<group>"; };
		E86D017D23CFF11A00362ABC /* Info.plist */ = {isa = PBXFileReference; lastKnownFileType = text.plist.xml; path = Info.plist; sourceTree = "<group>"; };
		E86D018323CFF20600362ABC /* kamelot.jpg */ = {isa = PBXFileReference; lastKnownFileType = image.jpeg; name = kamelot.jpg; path = ../../../../Desktop/kamelot.jpg; sourceTree = "<group>"; };
/* End PBXFileReference section */

/* Begin PBXFrameworksBuildPhase section */
		E86D016923CFF10F00362ABC /* Frameworks */ = {
			isa = PBXFrameworksBuildPhase;
			buildActionMask = 2147483647;
			files = (
			);
			runOnlyForDeploymentPostprocessing = 0;
		};
/* End PBXFrameworksBuildPhase section */

/* Begin PBXGroup section */
		E86D016323CFF10F00362ABC = {
			isa = PBXGroup;
			children = (
				E86D016E23CFF10F00362ABC /* Swift-Layout */,
				E86D016D23CFF10F00362ABC /* Products */,
			);
			sourceTree = "<group>";
		};
		E86D016D23CFF10F00362ABC /* Products */ = {
			isa = PBXGroup;
			children = (
				E86D016C23CFF10F00362ABC /* Swift-Layout.app */,
			);
			name = Products;
			sourceTree = "<group>";
		};
		E86D016E23CFF10F00362ABC /* Swift-Layout */ = {
			isa = PBXGroup;
			children = (
				E86D016F23CFF10F00362ABC /* AppDelegate.swift */,
				E86D017123CFF10F00362ABC /* SceneDelegate.swift */,
				E86D017323CFF10F00362ABC /* ViewController.swift */,
				E86D017523CFF10F00362ABC /* Main.storyboard */,
				E86D018323CFF20600362ABC /* kamelot.jpg */,
				E86D017823CFF11A00362ABC /* Assets.xcassets */,
				E86D017A23CFF11A00362ABC /* LaunchScreen.storyboard */,
				E86D017D23CFF11A00362ABC /* Info.plist */,
			);
			path = "Swift-Layout";
			sourceTree = "<group>";
		};
/* End PBXGroup section */

/* Begin PBXNativeTarget section */
		E86D016B23CFF10F00362ABC /* Swift-Layout */ = {
			isa = PBXNativeTarget;
			buildConfigurationList = E86D018023CFF11A00362ABC /* Build configuration list for PBXNativeTarget "Swift-Layout" */;
			buildPhases = (
				E86D016823CFF10F00362ABC /* Sources */,
				E86D016923CFF10F00362ABC /* Frameworks */,
				E86D016A23CFF10F00362ABC /* Resources */,
			);
			buildRules = (
			);
			dependencies = (
			);
			name = "Swift-Layout";
			productName = "Swift-Layout";
			productReference = E86D016C23CFF10F00362ABC /* Swift-Layout.app */;
			productType = "com.apple.product-type.application";
		};
/* End PBXNativeTarget section */

/* Begin PBXProject section */
		E86D016423CFF10F00362ABC /* Project object */ = {
			isa = PBXProject;
			attributes = {
				LastSwiftUpdateCheck = 1130;
				LastUpgradeCheck = 1130;
				ORGANIZATIONNAME = "Norien Games";
				TargetAttributes = {
					E86D016B23CFF10F00362ABC = {
						CreatedOnToolsVersion = 11.3;
					};
				};
			};
			buildConfigurationList = E86D016723CFF10F00362ABC /* Build configuration list for PBXProject "Swift-Layout" */;
			compatibilityVersion = "Xcode 9.3";
			developmentRegion = en;
			hasScannedForEncodings = 0;
			knownRegions = (
				en,
				Base,
			);
			mainGroup = E86D016323CFF10F00362ABC;
			productRefGroup = E86D016D23CFF10F00362ABC /* Products */;
			projectDirPath = "";
			projectRoot = "";
			targets = (
				E86D016B23CFF10F00362ABC /* Swift-Layout */,
			);
		};
/* End PBXProject section */

/* Begin PBXResourcesBuildPhase section */
		E86D016A23CFF10F00362ABC /* Resources */ = {
			isa = PBXResourcesBuildPhase;
			buildActionMask = 2147483647;
			files = (
				E86D017C23CFF11A00362ABC /* LaunchScreen.storyboard in Resources */,
				E86D017923CFF11A00362ABC /* Assets.xcassets in Resources */,
				E86D017723CFF10F00362ABC /* Main.storyboard in Resources */,
				E86D018423CFF20600362ABC /* kamelot.jpg in Resources */,
			);
			runOnlyForDeploymentPostprocessing = 0;
		};
/* End PBXResourcesBuildPhase section */

/* Begin PBXSourcesBuildPhase section */
		E86D016823CFF10F00362ABC /* Sources */ = {
			isa = PBXSourcesBuildPhase;
			buildActionMask = 2147483647;
			files = (
				E86D017423CFF10F00362ABC /* ViewController.swift in Sources */,
				E86D017023CFF10F00362ABC /* AppDelegate.swift in Sources */,
				E86D017223CFF10F00362ABC /* SceneDelegate.swift in Sources */,
			);
			runOnlyForDeploymentPostprocessing = 0;
		};
/* End PBXSourcesBuildPhase section */

/* Begin PBXVariantGroup section */
		E86D017523CFF10F00362ABC /* Main.storyboard */ = {
			isa = PBXVariantGroup;
			children = (
				E86D017623CFF10F00362ABC /* Base */,
			);
			name = Main.storyboard;
			sourceTree = "<group>";
		};
		E86D017A23CFF11A00362ABC /* LaunchScreen.storyboard */ = {
			isa = PBXVariantGroup;
			children = (
				E86D017B23CFF11A00362ABC /* Base */,
			);
			name = LaunchScreen.storyboard;
			sourceTree = "<group>";
		};
/* End PBXVariantGroup section */

/* Begin XCBuildConfiguration section */
		E86D017E23CFF11A00362ABC /* Debug */ = {
			isa = XCBuildConfiguration;
			buildSettings = {
				ALWAYS_SEARCH_USER_PATHS = NO;
				CLANG_ANALYZER_NONNULL = YES;
				CLANG_ANALYZER_NUMBER_OBJECT_CONVERSION = YES_AGGRESSIVE;
				CLANG_CXX_LANGUAGE_STANDARD = "gnu++14";
				CLANG_CXX_LIBRARY = "libc++";
				CLANG_ENABLE_MODULES = YES;
				CLANG_ENABLE_OBJC_ARC = YES;
				CLANG_ENABLE_OBJC_WEAK = YES;
				CLANG_WARN_BLOCK_CAPTURE_AUTORELEASING = YES;
				CLANG_WARN_BOOL_CONVERSION = YES;
				CLANG_WARN_COMMA = YES;
				CLANG_WARN_CONSTANT_CONVERSION = YES;
				CLANG_WARN_DEPRECATED_OBJC_IMPLEMENTATIONS = YES;
				CLANG_WARN_DIRECT_OBJC_ISA_USAGE = YES_ERROR;
				CLANG_WARN_DOCUMENTATION_COMMENTS = YES;
				CLANG_WARN_EMPTY_BODY = YES;
				CLANG_WARN_ENUM_CONVERSION = YES;
				CLANG_WARN_INFINITE_RECURSION = YES;
				CLANG_WARN_INT_CONVERSION = YES;
				CLANG_WARN_NON_LITERAL_NULL_CONVERSION = YES;
				CLANG_WARN_OBJC_IMPLICIT_RETAIN_SELF = YES;
				CLANG_WARN_OBJC_LITERAL_CONVERSION = YES;
				CLANG_WARN_OBJC_ROOT_CLASS = YES_ERROR;
				CLANG_WARN_RANGE_LOOP_ANALYSIS = YES;
				CLANG_WARN_STRICT_PROTOTYPES = YES;
				CLANG_WARN_SUSPICIOUS_MOVE = YES;
				CLANG_WARN_UNGUARDED_AVAILABILITY = YES_AGGRESSIVE;
				CLANG_WARN_UNREACHABLE_CODE = YES;
				CLANG_WARN__DUPLICATE_METHOD_MATCH = YES;
				COPY_PHASE_STRIP = NO;
				DEBUG_INFORMATION_FORMAT = dwarf;
				ENABLE_STRICT_OBJC_MSGSEND = YES;
				ENABLE_TESTABILITY = YES;
				GCC_C_LANGUAGE_STANDARD = gnu11;
				GCC_DYNAMIC_NO_PIC = NO;
				GCC_NO_COMMON_BLOCKS = YES;
				GCC_OPTIMIZATION_LEVEL = 0;
				GCC_PREPROCESSOR_DEFINITIONS = (
					"DEBUG=1",
					"$(inherited)",
				);
				GCC_WARN_64_TO_32_BIT_CONVERSION = YES;
				GCC_WARN_ABOUT_RETURN_TYPE = YES_ERROR;
				GCC_WARN_UNDECLARED_SELECTOR = YES;
				GCC_WARN_UNINITIALIZED_AUTOS = YES_AGGRESSIVE;
				GCC_WARN_UNUSED_FUNCTION = YES;
				GCC_WARN_UNUSED_VARIABLE = YES;
				IPHONEOS_DEPLOYMENT_TARGET = 13.2;
				MTL_ENABLE_DEBUG_INFO = INCLUDE_SOURCE;
				MTL_FAST_MATH = YES;
				ONLY_ACTIVE_ARCH = YES;
				SDKROOT = iphoneos;
				SWIFT_ACTIVE_COMPILATION_CONDITIONS = DEBUG;
				SWIFT_OPTIMIZATION_LEVEL = "-Onone";
			};
			name = Debug;
		};
		E86D017F23CFF11A00362ABC /* Release */ = {
			isa = XCBuildConfiguration;
			buildSettings = {
				ALWAYS_SEARCH_USER_PATHS = NO;
				CLANG_ANALYZER_NONNULL = YES;
				CLANG_ANALYZER_NUMBER_OBJECT_CONVERSION = YES_AGGRESSIVE;
				CLANG_CXX_LANGUAGE_STANDARD = "gnu++14";
				CLANG_CXX_LIBRARY = "libc++";
				CLANG_ENABLE_MODULES = YES;
				CLANG_ENABLE_OBJC_ARC = YES;
				CLANG_ENABLE_OBJC_WEAK = YES;
				CLANG_WARN_BLOCK_CAPTURE_AUTORELEASING = YES;
				CLANG_WARN_BOOL_CONVERSION = YES;
				CLANG_WARN_COMMA = YES;
				CLANG_WARN_CONSTANT_CONVERSION = YES;
				CLANG_WARN_DEPRECATED_OBJC_IMPLEMENTATIONS = YES;
				CLANG_WARN_DIRECT_OBJC_ISA_USAGE = YES_ERROR;
				CLANG_WARN_DOCUMENTATION_COMMENTS = YES;
				CLANG_WARN_EMPTY_BODY = YES;
				CLANG_WARN_ENUM_CONVERSION = YES;
				CLANG_WARN_INFINITE_RECURSION = YES;
				CLANG_WARN_INT_CONVERSION = YES;
				CLANG_WARN_NON_LITERAL_NULL_CONVERSION = YES;
				CLANG_WARN_OBJC_IMPLICIT_RETAIN_SELF = YES;
				CLANG_WARN_OBJC_LITERAL_CONVERSION = YES;
				CLANG_WARN_OBJC_ROOT_CLASS = YES_ERROR;
				CLANG_WARN_RANGE_LOOP_ANALYSIS = YES;
				CLANG_WARN_STRICT_PROTOTYPES = YES;
				CLANG_WARN_SUSPICIOUS_MOVE = YES;
				CLANG_WARN_UNGUARDED_AVAILABILITY = YES_AGGRESSIVE;
				CLANG_WARN_UNREACHABLE_CODE = YES;
				CLANG_WARN__DUPLICATE_METHOD_MATCH = YES;
				COPY_PHASE_STRIP = NO;
				DEBUG_INFORMATION_FORMAT = "dwarf-with-dsym";
				ENABLE_NS_ASSERTIONS = NO;
				ENABLE_STRICT_OBJC_MSGSEND = YES;
				GCC_C_LANGUAGE_STANDARD = gnu11;
				GCC_NO_COMMON_BLOCKS = YES;
				GCC_WARN_64_TO_32_BIT_CONVERSION = YES;
				GCC_WARN_ABOUT_RETURN_TYPE = YES_ERROR;
				GCC_WARN_UNDECLARED_SELECTOR = YES;
				GCC_WARN_UNINITIALIZED_AUTOS = YES_AGGRESSIVE;
				GCC_WARN_UNUSED_FUNCTION = YES;
				GCC_WARN_UNUSED_VARIABLE = YES;
				IPHONEOS_DEPLOYMENT_TARGET = 13.2;
				MTL_ENABLE_DEBUG_INFO = NO;
				MTL_FAST_MATH = YES;
				SDKROOT = iphoneos;
				SWIFT_COMPILATION_MODE = wholemodule;
				SWIFT_OPTIMIZATION_LEVEL = "-O";
				VALIDATE_PRODUCT = YES;
			};
			name = Release;
		};
		E86D018123CFF11A00362ABC /* Debug */ = {
			isa = XCBuildConfiguration;
			buildSettings = {
				ASSETCATALOG_COMPILER_APPICON_NAME = AppIcon;
				CODE_SIGN_STYLE = Automatic;
				DEVELOPMENT_TEAM = X8H269Q34M;
				INFOPLIST_FILE = "Swift-Layout/Info.plist";
				LD_RUNPATH_SEARCH_PATHS = (
					"$(inherited)",
					"@executable_path/Frameworks",
				);
				PRODUCT_BUNDLE_IDENTIFIER = "com.NorienGames.Swift-Layout";
				PRODUCT_NAME = "$(TARGET_NAME)";
				SWIFT_VERSION = 5.0;
				TARGETED_DEVICE_FAMILY = 1;
			};
			name = Debug;
		};
		E86D018223CFF11A00362ABC /* Release */ = {
			isa = XCBuildConfiguration;
			buildSettings = {
				ASSETCATALOG_COMPILER_APPICON_NAME = AppIcon;
				CODE_SIGN_STYLE = Automatic;
				DEVELOPMENT_TEAM = X8H269Q34M;
				INFOPLIST_FILE = "Swift-Layout/Info.plist";
				LD_RUNPATH_SEARCH_PATHS = (
					"$(inherited)",
					"@executable_path/Frameworks",
				);
				PRODUCT_BUNDLE_IDENTIFIER = "com.NorienGames.Swift-Layout";
				PRODUCT_NAME = "$(TARGET_NAME)";
				SWIFT_VERSION = 5.0;
				TARGETED_DEVICE_FAMILY = 1;
			};
			name = Release;
		};
/* End XCBuildConfiguration section */

/* Begin XCConfigurationList section */
		E86D016723CFF10F00362ABC /* Build configuration list for PBXProject "Swift-Layout" */ = {
			isa = XCConfigurationList;
			buildConfigurations = (
				E86D017E23CFF11A00362ABC /* Debug */,
				E86D017F23CFF11A00362ABC /* Release */,
			);
			defaultConfigurationIsVisible = 0;
			defaultConfigurationName = Release;
		};
		E86D018023CFF11A00362ABC /* Build configuration list for PBXNativeTarget "Swift-Layout" */ = {
			isa = XCConfigurationList;
			buildConfigurations = (
				E86D018123CFF11A00362ABC /* Debug */,
				E86D018223CFF11A00362ABC /* Release */,
			);
			defaultConfigurationIsVisible = 0;
			defaultConfigurationName = Release;
		};
/* End XCConfigurationList section */
	};
	rootObject = E86D016423CFF10F00362ABC /* Project object */;
}
